
Microsoft Visual Studio Solution File, Format Version 12.00
# Visual Studio 15
Project("{FAE04EC0-301F-11D3-BF4B-00C04F79EFBC}") = "cgtk2", "cgtk2\cgtk2.csproj", "{C836C090-C598-45CA-A3A4-732D1C2B7E4E}"
EndProject
Global
	GlobalSection(SolutionConfigurationPlatforms) = preSolution
		Debug|x86 = Debug|x86
		Release|x86 = Release|x86
	EndGlobalSection
	GlobalSection(ProjectConfigurationPlatforms) = postSolution
		{C836C090-C598-45CA-A3A4-732D1C2B7E4E}.Debug|x86.ActiveCfg = Debug|x86
		{C836C090-C598-45CA-A3A4-732D1C2B7E4E}.Debug|x86.Build.0 = Debug|x86
		{C836C090-C598-45CA-A3A4-732D1C2B7E4E}.Release|x86.ActiveCfg = Release|x86
		{C836C090-C598-45CA-A3A4-732D1C2B7E4E}.Release|x86.Build.0 = Release|x86
	EndGlobalSection
EndGlobal
